
Microsoft Visual Studio Solution File, Format Version 12.00
# Visual Studio 2015
Project("{FAE04EC0-301F-11D3-BF4B-00C04F79EFBC}") = "AwesomeProject.CSharp", "AwesomeProject.CSharp.csproj", "{E0375CCF-C93E-A011-9A83-35F6A2BC4A44}"
EndProject
Project("{FAE04EC0-301F-11D3-BF4B-00C04F79EFBC}") = "AwesomeProject.CSharp.Editor", "AwesomeProject.CSharp.Editor.csproj", "{267328BF-B50E-2325-A7EC-B073BE8AC224}"
EndProject
Global
	GlobalSection(SolutionConfigurationPlatforms) = preSolution
		Debug|Any CPU = Debug|Any CPU
		Release|Any CPU = Release|Any CPU
	EndGlobalSection
	GlobalSection(ProjectConfigurationPlatforms) = postSolution
		{E0375CCF-C93E-A011-9A83-35F6A2BC4A44}.Debug|Any CPU.ActiveCfg = Debug|Any CPU
		{E0375CCF-C93E-A011-9A83-35F6A2BC4A44}.Debug|Any CPU.Build.0 = Debug|Any CPU
		{E0375CCF-C93E-A011-9A83-35F6A2BC4A44}.Release|Any CPU.ActiveCfg = Release|Any CPU
		{E0375CCF-C93E-A011-9A83-35F6A2BC4A44}.Release|Any CPU.Build.0 = Release|Any CPU
		{267328BF-B50E-2325-A7EC-B073BE8AC224}.Debug|Any CPU.ActiveCfg = Debug|Any CPU
		{267328BF-B50E-2325-A7EC-B073BE8AC224}.Debug|Any CPU.Build.0 = Debug|Any CPU
		{267328BF-B50E-2325-A7EC-B073BE8AC224}.Release|Any CPU.ActiveCfg = Release|Any CPU
		{267328BF-B50E-2325-A7EC-B073BE8AC224}.Release|Any CPU.Build.0 = Release|Any CPU
	EndGlobalSection
	GlobalSection(SolutionProperties) = preSolution
		HideSolutionNode = FALSE
	EndGlobalSection
EndGlobal
